// !$*UTF8*$!
{
	archiveVersion = 1;
	classes = {
	};
	objectVersion = 46;
	objects = {

/* Begin PBXBuildFile section */
		95A65FFA1C81F67B005D2FE0 /* main.m in Sources */ = {isa = PBXBuildFile; fileRef = 95A65FF91C81F67B005D2FE0 /* main.m */; };
		95A65FFD1C81F67B005D2FE0 /* AppDelegate.m in Sources */ = {isa = PBXBuildFile; fileRef = 95A65FFC1C81F67B005D2FE0 /* AppDelegate.m */; };
		95A660001C81F67B005D2FE0 /* ViewController.m in Sources */ = {isa = PBXBuildFile; fileRef = 95A65FFF1C81F67B005D2FE0 /* ViewController.m */; };
		95A660031C81F67B005D2FE0 /* Main.storyboard in Resources */ = {isa = PBXBuildFile; fileRef = 95A660011C81F67B005D2FE0 /* Main.storyboard */; };
		95A660051C81F67B005D2FE0 /* Assets.xcassets in Resources */ = {isa = PBXBuildFile; fileRef = 95A660041C81F67B005D2FE0 /* Assets.xcassets */; };
		95A660081C81F67B005D2FE0 /* LaunchScreen.storyboard in Resources */ = {isa = PBXBuildFile; fileRef = 95A660061C81F67B005D2FE0 /* LaunchScreen.storyboard */; };
		95A660131C81F67B005D2FE0 /* FamilyBooksTests.m in Sources */ = {isa = PBXBuildFile; fileRef = 95A660121C81F67B005D2FE0 /* FamilyBooksTests.m */; };
/* End PBXBuildFile section */

/* Begin PBXContainerItemProxy section */
		95A6600F1C81F67B005D2FE0 /* PBXContainerItemProxy */ = {
			isa = PBXContainerItemProxy;
			containerPortal = 95A65FED1C81F67B005D2FE0 /* Project object */;
			proxyType = 1;
			remoteGlobalIDString = 95A65FF41C81F67B005D2FE0;
			remoteInfo = FamilyBooks;
		};
/* End PBXContainerItemProxy section */

/* Begin PBXFileReference section */
		95A65FF51C81F67B005D2FE0 /* FamilyBooks.app */ = {isa = PBXFileReference; explicitFileType = wrapper.application; includeInIndex = 0; path = FamilyBooks.app; sourceTree = BUILT_PRODUCTS_DIR; };
		95A65FF91C81F67B005D2FE0 /* main.m */ = {isa = PBXFileReference; lastKnownFileType = sourcecode.c.objc; path = main.m; sourceTree = "<group>"; };
		95A65FFB1C81F67B005D2FE0 /* AppDelegate.h */ = {isa = PBXFileReference; lastKnownFileType = sourcecode.c.h; path = AppDelegate.h; sourceTree = "<group>"; };
		95A65FFC1C81F67B005D2FE0 /* AppDelegate.m */ = {isa = PBXFileReference; lastKnownFileType = sourcecode.c.objc; path = AppDelegate.m; sourceTree = "<group>"; };
		95A65FFE1C81F67B005D2FE0 /* ViewController.h */ = {isa = PBXFileReference; lastKnownFileType = sourcecode.c.h; path = ViewController.h; sourceTree = "<group>"; };
		95A65FFF1C81F67B005D2FE0 /* ViewController.m */ = {isa = PBXFileReference; lastKnownFileType = sourcecode.c.objc; path = ViewController.m; sourceTree = "<group>"; };
		95A660021C81F67B005D2FE0 /* Base */ = {isa = PBXFileReference; lastKnownFileType = file.storyboard; name = Base; path = Base.lproj/Main.storyboard; sourceTree = "<group>"; };
		95A660041C81F67B005D2FE0 /* Assets.xcassets */ = {isa = PBXFileReference; lastKnownFileType = folder.assetcatalog; path = Assets.xcassets; sourceTree = "<group>"; };
		95A660071C81F67B005D2FE0 /* Base */ = {isa = PBXFileReference; lastKnownFileType = file.storyboard; name = Base; path = Base.lproj/LaunchScreen.storyboard; sourceTree = "<group>"; };
		95A660091C81F67B005D2FE0 /* Info.plist */ = {isa = PBXFileReference; lastKnownFileType = text.plist.xml; path = Info.plist; sourceTree = "<group>"; };
		95A6600E1C81F67B005D2FE0 /* FamilyBooksTests.xctest */ = {isa = PBXFileReference; explicitFileType = wrapper.cfbundle; includeInIndex = 0; path = FamilyBooksTests.xctest; sourceTree = BUILT_PRODUCTS_DIR; };
		95A660121C81F67B005D2FE0 /* FamilyBooksTests.m */ = {isa = PBXFileReference; lastKnownFileType = sourcecode.c.objc; path = FamilyBooksTests.m; sourceTree = "<group>"; };
		95A660141C81F67B005D2FE0 /* Info.plist */ = {isa = PBXFileReference; lastKnownFileType = text.plist.xml; path = Info.plist; sourceTree = "<group>"; };
/* End PBXFileReference section */

/* Begin PBXFrameworksBuildPhase section */
		95A65FF21C81F67B005D2FE0 /* Frameworks */ = {
			isa = PBXFrameworksBuildPhase;
			buildActionMask = 2147483647;
			files = (
			);
			runOnlyForDeploymentPostprocessing = 0;
		};
		95A6600B1C81F67B005D2FE0 /* Frameworks */ = {
			isa = PBXFrameworksBuildPhase;
			buildActionMask = 2147483647;
			files = (
			);
			runOnlyForDeploymentPostprocessing = 0;
		};
/* End PBXFrameworksBuildPhase section */

/* Begin PBXGroup section */
		95A65FEC1C81F67B005D2FE0 = {
			isa = PBXGroup;
			children = (
				95A65FF71C81F67B005D2FE0 /* FamilyBooks */,
				95A660111C81F67B005D2FE0 /* FamilyBooksTests */,
				95A65FF61C81F67B005D2FE0 /* Products */,
			);
			sourceTree = "<group>";
		};
		95A65FF61C81F67B005D2FE0 /* Products */ = {
			isa = PBXGroup;
			children = (
				95A65FF51C81F67B005D2FE0 /* FamilyBooks.app */,
				95A6600E1C81F67B005D2FE0 /* FamilyBooksTests.xctest */,
			);
			name = Products;
			sourceTree = "<group>";
		};
		95A65FF71C81F67B005D2FE0 /* FamilyBooks */ = {
			isa = PBXGroup;
			children = (
				95A65FFB1C81F67B005D2FE0 /* AppDelegate.h */,
				95A65FFC1C81F67B005D2FE0 /* AppDelegate.m */,
				95A65FFE1C81F67B005D2FE0 /* ViewController.h */,
				95A65FFF1C81F67B005D2FE0 /* ViewController.m */,
				95A660011C81F67B005D2FE0 /* Main.storyboard */,
				95A660041C81F67B005D2FE0 /* Assets.xcassets */,
				95A660061C81F67B005D2FE0 /* LaunchScreen.storyboard */,
				95A660091C81F67B005D2FE0 /* Info.plist */,
				95A65FF81C81F67B005D2FE0 /* Supporting Files */,
			);
			path = FamilyBooks;
			sourceTree = "<group>";
		};
		95A65FF81C81F67B005D2FE0 /* Supporting Files */ = {
			isa = PBXGroup;
			children = (
				95A65FF91C81F67B005D2FE0 /* main.m */,
			);
			name = "Supporting Files";
			sourceTree = "<group>";
		};
		95A660111C81F67B005D2FE0 /* FamilyBooksTests */ = {
			isa = PBXGroup;
			children = (
				95A660121C81F67B005D2FE0 /* FamilyBooksTests.m */,
				95A660141C81F67B005D2FE0 /* Info.plist */,
			);
			path = FamilyBooksTests;
			sourceTree = "<group>";
		};
/* End PBXGroup section */

/* Begin PBXNativeTarget section */
		95A65FF41C81F67B005D2FE0 /* FamilyBooks */ = {
			isa = PBXNativeTarget;
			buildConfigurationList = 95A660171C81F67B005D2FE0 /* Build configuration list for PBXNativeTarget "FamilyBooks" */;
			buildPhases = (
				95A65FF11C81F67B005D2FE0 /* Sources */,
				95A65FF21C81F67B005D2FE0 /* Frameworks */,
				95A65FF31C81F67B005D2FE0 /* Resources */,
			);
			buildRules = (
			);
			dependencies = (
			);
			name = FamilyBooks;
			productName = FamilyBooks;
			productReference = 95A65FF51C81F67B005D2FE0 /* FamilyBooks.app */;
			productType = "com.apple.product-type.application";
		};
		95A6600D1C81F67B005D2FE0 /* FamilyBooksTests */ = {
			isa = PBXNativeTarget;
			buildConfigurationList = 95A6601A1C81F67B005D2FE0 /* Build configuration list for PBXNativeTarget "FamilyBooksTests" */;
			buildPhases = (
				95A6600A1C81F67B005D2FE0 /* Sources */,
				95A6600B1C81F67B005D2FE0 /* Frameworks */,
				95A6600C1C81F67B005D2FE0 /* Resources */,
			);
			buildRules = (
			);
			dependencies = (
				95A660101C81F67B005D2FE0 /* PBXTargetDependency */,
			);
			name = FamilyBooksTests;
			productName = FamilyBooksTests;
			productReference = 95A6600E1C81F67B005D2FE0 /* FamilyBooksTests.xctest */;
			productType = "com.apple.product-type.bundle.unit-test";
		};
/* End PBXNativeTarget section */

/* Begin PBXProject section */
		95A65FED1C81F67B005D2FE0 /* Project object */ = {
			isa = PBXProject;
			attributes = {
				LastUpgradeCheck = 0720;
				ORGANIZATIONNAME = "王凯";
				TargetAttributes = {
					95A65FF41C81F67B005D2FE0 = {
						CreatedOnToolsVersion = 7.2;
						DevelopmentTeam = 973PX3B58K;
					};
					95A6600D1C81F67B005D2FE0 = {
						CreatedOnToolsVersion = 7.2;
						DevelopmentTeam = 973PX3B58K;
						TestTargetID = 95A65FF41C81F67B005D2FE0;
					};
				};
			};
			buildConfigurationList = 95A65FF01C81F67B005D2FE0 /* Build configuration list for PBXProject "FamilyBooks" */;
			compatibilityVersion = "Xcode 3.2";
			developmentRegion = English;
			hasScannedForEncodings = 0;
			knownRegions = (
				en,
				Base,
			);
			mainGroup = 95A65FEC1C81F67B005D2FE0;
			productRefGroup = 95A65FF61C81F67B005D2FE0 /* Products */;
			projectDirPath = "";
			projectRoot = "";
			targets = (
				95A65FF41C81F67B005D2FE0 /* FamilyBooks */,
				95A6600D1C81F67B005D2FE0 /* FamilyBooksTests */,
			);
		};
/* End PBXProject section */

/* Begin PBXResourcesBuildPhase section */
		95A65FF31C81F67B005D2FE0 /* Resources */ = {
			isa = PBXResourcesBuildPhase;
			buildActionMask = 2147483647;
			files = (
				95A660081C81F67B005D2FE0 /* LaunchScreen.storyboard in Resources */,
				95A660051C81F67B005D2FE0 /* Assets.xcassets in Resources */,
				95A660031C81F67B005D2FE0 /* Main.storyboard in Resources */,
			);
			runOnlyForDeploymentPostprocessing = 0;
		};
		95A6600C1C81F67B005D2FE0 /* Resources */ = {
			isa = PBXResourcesBuildPhase;
			buildActionMask = 2147483647;
			files = (
			);
			runOnlyForDeploymentPostprocessing = 0;
		};
/* End PBXResourcesBuildPhase section */

/* Begin PBXSourcesBuildPhase section */
		95A65FF11C81F67B005D2FE0 /* Sources */ = {
			isa = PBXSourcesBuildPhase;
			buildActionMask = 2147483647;
			files = (
				95A660001C81F67B005D2FE0 /* ViewController.m in Sources */,
				95A65FFD1C81F67B005D2FE0 /* AppDelegate.m in Sources */,
				95A65FFA1C81F67B005D2FE0 /* main.m in Sources */,
			);
			runOnlyForDeploymentPostprocessing = 0;
		};
		95A6600A1C81F67B005D2FE0 /* Sources */ = {
			isa = PBXSourcesBuildPhase;
			buildActionMask = 2147483647;
			files = (
				95A660131C81F67B005D2FE0 /* FamilyBooksTests.m in Sources */,
			);
			runOnlyForDeploymentPostprocessing = 0;
		};
/* End PBXSourcesBuildPhase section */

/* Begin PBXTargetDependency section */
		95A660101C81F67B005D2FE0 /* PBXTargetDependency */ = {
			isa = PBXTargetDependency;
			target = 95A65FF41C81F67B005D2FE0 /* FamilyBooks */;
			targetProxy = 95A6600F1C81F67B005D2FE0 /* PBXContainerItemProxy */;
		};
/* End PBXTargetDependency section */

/* Begin PBXVariantGroup section */
		95A660011C81F67B005D2FE0 /* Main.storyboard */ = {
			isa = PBXVariantGroup;
			children = (
				95A660021C81F67B005D2FE0 /* Base */,
			);
			name = Main.storyboard;
			sourceTree = "<group>";
		};
		95A660061C81F67B005D2FE0 /* LaunchScreen.storyboard */ = {
			isa = PBXVariantGroup;
			children = (
				95A660071C81F67B005D2FE0 /* Base */,
			);
			name = LaunchScreen.storyboard;
			sourceTree = "<group>";
		};
/* End PBXVariantGroup section */

/* Begin XCBuildConfiguration section */
		95A660151C81F67B005D2FE0 /* Debug */ = {
			isa = XCBuildConfiguration;
			buildSettings = {
				ALWAYS_SEARCH_USER_PATHS = NO;
				CLANG_CXX_LANGUAGE_STANDARD = "gnu++0x";
				CLANG_CXX_LIBRARY = "libc++";
				CLANG_ENABLE_MODULES = YES;
				CLANG_ENABLE_OBJC_ARC = YES;
				CLANG_WARN_BOOL_CONVERSION = YES;
				CLANG_WARN_CONSTANT_CONVERSION = YES;
				CLANG_WARN_DIRECT_OBJC_ISA_USAGE = YES_ERROR;
				CLANG_WARN_EMPTY_BODY = YES;
				CLANG_WARN_ENUM_CONVERSION = YES;
				CLANG_WARN_INT_CONVERSION = YES;
				CLANG_WARN_OBJC_ROOT_CLASS = YES_ERROR;
				CLANG_WARN_UNREACHABLE_CODE = YES;
				CLANG_WARN__DUPLICATE_METHOD_MATCH = YES;
				"CODE_SIGN_IDENTITY[sdk=iphoneos*]" = "iPhone Developer";
				COPY_PHASE_STRIP = NO;
				DEBUG_INFORMATION_FORMAT = dwarf;
				ENABLE_STRICT_OBJC_MSGSEND = YES;
				ENABLE_TESTABILITY = YES;
				GCC_C_LANGUAGE_STANDARD = gnu99;
				GCC_DYNAMIC_NO_PIC = NO;
				GCC_NO_COMMON_BLOCKS = YES;
				GCC_OPTIMIZATION_LEVEL = 0;
				GCC_PREPROCESSOR_DEFINITIONS = (
					"DEBUG=1",
					"$(inherited)",
				);
				GCC_WARN_64_TO_32_BIT_CONVERSION = YES;
				GCC_WARN_ABOUT_RETURN_TYPE = YES_ERROR;
				GCC_WARN_UNDECLARED_SELECTOR = YES;
				GCC_WARN_UNINITIALIZED_AUTOS = YES_AGGRESSIVE;
				GCC_WARN_UNUSED_FUNCTION = YES;
				GCC_WARN_UNUSED_VARIABLE = YES;
				IPHONEOS_DEPLOYMENT_TARGET = 9.2;
				MTL_ENABLE_DEBUG_INFO = YES;
				ONLY_ACTIVE_ARCH = YES;
				SDKROOT = iphoneos;
				TARGETED_DEVICE_FAMILY = "1,2";
			};
			name = Debug;
		};
		95A660161C81F67B005D2FE0 /* Release */ = {
			isa = XCBuildConfiguration;
			buildSettings = {
				ALWAYS_SEARCH_USER_PATHS = NO;
				CLANG_CXX_LANGUAGE_STANDARD = "gnu++0x";
				CLANG_CXX_LIBRARY = "libc++";
				CLANG_ENABLE_MODULES = YES;
				CLANG_ENABLE_OBJC_ARC = YES;
				CLANG_WARN_BOOL_CONVERSION = YES;
				CLANG_WARN_CONSTANT_CONVERSION = YES;
				CLANG_WARN_DIRECT_OBJC_ISA_USAGE = YES_ERROR;
				CLANG_WARN_EMPTY_BODY = YES;
				CLANG_WARN_ENUM_CONVERSION = YES;
				CLANG_WARN_INT_CONVERSION = YES;
				CLANG_WARN_OBJC_ROOT_CLASS = YES_ERROR;
				CLANG_WARN_UNREACHABLE_CODE = YES;
				CLANG_WARN__DUPLICATE_METHOD_MATCH = YES;
				"CODE_SIGN_IDENTITY[sdk=iphoneos*]" = "iPhone Developer";
				COPY_PHASE_STRIP = NO;
				DEBUG_INFORMATION_FORMAT = "dwarf-with-dsym";
				ENABLE_NS_ASSERTIONS = NO;
				ENABLE_STRICT_OBJC_MSGSEND = YES;
				GCC_C_LANGUAGE_STANDARD = gnu99;
				GCC_NO_COMMON_BLOCKS = YES;
				GCC_WARN_64_TO_32_BIT_CONVERSION = YES;
				GCC_WARN_ABOUT_RETURN_TYPE = YES_ERROR;
				GCC_WARN_UNDECLARED_SELECTOR = YES;
				GCC_WARN_UNINITIALIZED_AUTOS = YES_AGGRESSIVE;
				GCC_WARN_UNUSED_FUNCTION = YES;
				GCC_WARN_UNUSED_VARIABLE = YES;
				IPHONEOS_DEPLOYMENT_TARGET = 9.2;
				MTL_ENABLE_DEBUG_INFO = NO;
				SDKROOT = iphoneos;
				TARGETED_DEVICE_FAMILY = "1,2";
				VALIDATE_PRODUCT = YES;
			};
			name = Release;
		};
		95A660181C81F67B005D2FE0 /* Debug */ = {
			isa = XCBuildConfiguration;
			buildSettings = {
				ASSETCATALOG_COMPILER_APPICON_NAME = AppIcon;
				INFOPLIST_FILE = FamilyBooks/Info.plist;
				LD_RUNPATH_SEARCH_PATHS = "$(inherited) @executable_path/Frameworks";
				PRODUCT_BUNDLE_IDENTIFIER = com.dongdao.FamilyBooks;
				PRODUCT_NAME = "$(TARGET_NAME)";
			};
			name = Debug;
		};
		95A660191C81F67B005D2FE0 /* Release */ = {
			isa = XCBuildConfiguration;
			buildSettings = {
				ASSETCATALOG_COMPILER_APPICON_NAME = AppIcon;
				INFOPLIST_FILE = FamilyBooks/Info.plist;
				LD_RUNPATH_SEARCH_PATHS = "$(inherited) @executable_path/Frameworks";
				PRODUCT_BUNDLE_IDENTIFIER = com.dongdao.FamilyBooks;
				PRODUCT_NAME = "$(TARGET_NAME)";
			};
			name = Release;
		};
		95A6601B1C81F67B005D2FE0 /* Debug */ = {
			isa = XCBuildConfiguration;
			buildSettings = {
				BUNDLE_LOADER = "$(TEST_HOST)";
				INFOPLIST_FILE = FamilyBooksTests/Info.plist;
				LD_RUNPATH_SEARCH_PATHS = "$(inherited) @executable_path/Frameworks @loader_path/Frameworks";
				PRODUCT_BUNDLE_IDENTIFIER = com.dongdao.FamilyBooksTests;
				PRODUCT_NAME = "$(TARGET_NAME)";
				TEST_HOST = "$(BUILT_PRODUCTS_DIR)/FamilyBooks.app/FamilyBooks";
			};
			name = Debug;
		};
		95A6601C1C81F67B005D2FE0 /* Release */ = {
			isa = XCBuildConfiguration;
			buildSettings = {
				BUNDLE_LOADER = "$(TEST_HOST)";
				INFOPLIST_FILE = FamilyBooksTests/Info.plist;
				LD_RUNPATH_SEARCH_PATHS = "$(inherited) @executable_path/Frameworks @loader_path/Frameworks";
				PRODUCT_BUNDLE_IDENTIFIER = com.dongdao.FamilyBooksTests;
				PRODUCT_NAME = "$(TARGET_NAME)";
				TEST_HOST = "$(BUILT_PRODUCTS_DIR)/FamilyBooks.app/FamilyBooks";
			};
			name = Release;
		};
/* End XCBuildConfiguration section */

/* Begin XCConfigurationList section */
		95A65FF01C81F67B005D2FE0 /* Build configuration list for PBXProject "FamilyBooks" */ = {
			isa = XCConfigurationList;
			buildConfigurations = (
				95A660151C81F67B005D2FE0 /* Debug */,
				95A660161C81F67B005D2FE0 /* Release */,
			);
			defaultConfigurationIsVisible = 0;
			defaultConfigurationName = Release;
		};
		95A660171C81F67B005D2FE0 /* Build configuration list for PBXNativeTarget "FamilyBooks" */ = {
			isa = XCConfigurationList;
			buildConfigurations = (
				95A660181C81F67B005D2FE0 /* Debug */,
				95A660191C81F67B005D2FE0 /* Release */,
			);
			defaultConfigurationIsVisible = 0;
		};
		95A6601A1C81F67B005D2FE0 /* Build configuration list for PBXNativeTarget "FamilyBooksTests" */ = {
			isa = XCConfigurationList;
			buildConfigurations = (
				95A6601B1C81F67B005D2FE0 /* Debug */,
				95A6601C1C81F67B005D2FE0 /* Release */,
			);
			defaultConfigurationIsVisible = 0;
		};
/* End XCConfigurationList section */
	};
	rootObject = 95A65FED1C81F67B005D2FE0 /* Project object */;
}
